
Microsoft Visual Studio Solution File, Format Version 12.00
# Visual Studio Version 16
VisualStudioVersion = 16.0.30225.117
MinimumVisualStudioVersion = 10.0.40219.1
Project("{FAE04EC0-301F-11D3-BF4B-00C04F79EFBC}") = "P01_StudentSystem", "P01.StudentSystem\P01_StudentSystem.csproj", "{BFAB1A65-44AE-4F8D-9254-8F41E3C234DC}"
EndProject
Project("{FAE04EC0-301F-11D3-BF4B-00C04F79EFBC}") = "P01_StudentSystem.Data", "P01_StudentSystem.Data\P01_StudentSystem.Data.csproj", "{967EF992-141F-40A2-B325-4D8FA8C104EE}"
EndProject
Project("{FAE04EC0-301F-11D3-BF4B-00C04F79EFBC}") = "P01_StudentSystem.Data.Models", "P01_StudentSystem.Data.Models\P01_StudentSystem.Data.Models.csproj", "{2ABAF5B0-E937-4AE9-BE5A-039C0163119E}"
EndProject
Global
	GlobalSection(SolutionConfigurationPlatforms) = preSolution
		Debug|Any CPU = Debug|Any CPU
		Release|Any CPU = Release|Any CPU
	EndGlobalSection
	GlobalSection(ProjectConfigurationPlatforms) = postSolution
		{BFAB1A65-44AE-4F8D-9254-8F41E3C234DC}.Debug|Any CPU.ActiveCfg = Debug|Any CPU
		{BFAB1A65-44AE-4F8D-9254-8F41E3C234DC}.Debug|Any CPU.Build.0 = Debug|Any CPU
		{BFAB1A65-44AE-4F8D-9254-8F41E3C234DC}.Release|Any CPU.ActiveCfg = Release|Any CPU
		{BFAB1A65-44AE-4F8D-9254-8F41E3C234DC}.Release|Any CPU.Build.0 = Release|Any CPU
		{967EF992-141F-40A2-B325-4D8FA8C104EE}.Debug|Any CPU.ActiveCfg = Debug|Any CPU
		{967EF992-141F-40A2-B325-4D8FA8C104EE}.Debug|Any CPU.Build.0 = Debug|Any CPU
		{967EF992-141F-40A2-B325-4D8FA8C104EE}.Release|Any CPU.ActiveCfg = Release|Any CPU
		{967EF992-141F-40A2-B325-4D8FA8C104EE}.Release|Any CPU.Build.0 = Release|Any CPU
		{2ABAF5B0-E937-4AE9-BE5A-039C0163119E}.Debug|Any CPU.ActiveCfg = Debug|Any CPU
		{2ABAF5B0-E937-4AE9-BE5A-039C0163119E}.Debug|Any CPU.Build.0 = Debug|Any CPU
		{2ABAF5B0-E937-4AE9-BE5A-039C0163119E}.Release|Any CPU.ActiveCfg = Release|Any CPU
		{2ABAF5B0-E937-4AE9-BE5A-039C0163119E}.Release|Any CPU.Build.0 = Release|Any CPU
	EndGlobalSection
	GlobalSection(SolutionProperties) = preSolution
		HideSolutionNode = FALSE
	EndGlobalSection
	GlobalSection(ExtensibilityGlobals) = postSolution
		SolutionGuid = {6EDB8805-311A-4896-8479-2BC8E832AE27}
	EndGlobalSection
EndGlobal
