
Microsoft Visual Studio Solution File, Format Version 12.00
# Visual Studio Version 16
VisualStudioVersion = 16.0.30225.117
MinimumVisualStudioVersion = 10.0.40219.1
Project("{FAE04EC0-301F-11D3-BF4B-00C04F79EFBC}") = "P03_FootballBetting", "P03_FootballBetting\P03_FootballBetting.csproj", "{60D74CB5-7A6E-456A-B303-34C7DB422655}"
EndProject
Project("{FAE04EC0-301F-11D3-BF4B-00C04F79EFBC}") = "P03_FootballBetting.Data", "P03_FootballBetting.Data\P03_FootballBetting.Data.csproj", "{BCEF81F4-93DE-4EFE-87B7-4F6294E3A7E8}"
EndProject
Project("{FAE04EC0-301F-11D3-BF4B-00C04F79EFBC}") = "P03_FootballBetting.Data.Models", "P03_FootballBetting.Data.Models\P03_FootballBetting.Data.Models.csproj", "{F2E5C89F-E46D-48F0-A208-DD3B908612C8}"
EndProject
Global
	GlobalSection(SolutionConfigurationPlatforms) = preSolution
		Debug|Any CPU = Debug|Any CPU
		Release|Any CPU = Release|Any CPU
	EndGlobalSection
	GlobalSection(ProjectConfigurationPlatforms) = postSolution
		{60D74CB5-7A6E-456A-B303-34C7DB422655}.Debug|Any CPU.ActiveCfg = Debug|Any CPU
		{60D74CB5-7A6E-456A-B303-34C7DB422655}.Debug|Any CPU.Build.0 = Debug|Any CPU
		{60D74CB5-7A6E-456A-B303-34C7DB422655}.Release|Any CPU.ActiveCfg = Release|Any CPU
		{60D74CB5-7A6E-456A-B303-34C7DB422655}.Release|Any CPU.Build.0 = Release|Any CPU
		{BCEF81F4-93DE-4EFE-87B7-4F6294E3A7E8}.Debug|Any CPU.ActiveCfg = Debug|Any CPU
		{BCEF81F4-93DE-4EFE-87B7-4F6294E3A7E8}.Debug|Any CPU.Build.0 = Debug|Any CPU
		{BCEF81F4-93DE-4EFE-87B7-4F6294E3A7E8}.Release|Any CPU.ActiveCfg = Release|Any CPU
		{BCEF81F4-93DE-4EFE-87B7-4F6294E3A7E8}.Release|Any CPU.Build.0 = Release|Any CPU
		{F2E5C89F-E46D-48F0-A208-DD3B908612C8}.Debug|Any CPU.ActiveCfg = Debug|Any CPU
		{F2E5C89F-E46D-48F0-A208-DD3B908612C8}.Debug|Any CPU.Build.0 = Debug|Any CPU
		{F2E5C89F-E46D-48F0-A208-DD3B908612C8}.Release|Any CPU.ActiveCfg = Release|Any CPU
		{F2E5C89F-E46D-48F0-A208-DD3B908612C8}.Release|Any CPU.Build.0 = Release|Any CPU
	EndGlobalSection
	GlobalSection(SolutionProperties) = preSolution
		HideSolutionNode = FALSE
	EndGlobalSection
	GlobalSection(ExtensibilityGlobals) = postSolution
		SolutionGuid = {D91FE61F-14AA-4C59-BEF8-16C8F6E555B8}
	EndGlobalSection
EndGlobal
